<?xml version="1.0" encoding="utf-8"?>
<Project ToolsVersion="4.0" xmlns="http://schemas.microsoft.com/developer/msbuild/2003">
  <ItemGroup>
    <Filter Include="Source Files">
      <UniqueIdentifier>{4FC737F1-C7A5-4376-A066-2A32D752A2FF}</UniqueIdentifier>
      <Extensions>cpp;c;cc;cxx;def;odl;idl;hpj;bat;asm;asmx</Extensions>
    </Filter>
    <Filter Include="Header Files">
      <UniqueIdentifier>{93995380-89BD-4b04-88EB-625FBE52EBFB}</UniqueIdentifier>
      <Extensions>h;hh;hpp;hxx;hm;inl;inc;xsd</Extensions>
    </Filter>
    <Filter Include="Source Files\MODEL">
      <UniqueIdentifier>{c1a0dedc-5d08-40ca-aba8-44dad6d7dc95}</UniqueIdentifier>
    </Filter>
    <Filter Include="Source Files\VIEW">
      <UniqueIdentifier>{c0338e88-c4f8-47fe-87ad-69ef3e17b736}</UniqueIdentifier>
    </Filter>
    <Filter Include="Source Files\CONTROLLER">
      <UniqueIdentifier>{958e8f6a-3d27-4901-b163-536da8d1eb45}</UniqueIdentifier>
    </Filter>
    <Filter Include="Header Files\MODEL">
      <UniqueIdentifier>{e4d11c51-9d14-43b7-811d-19a6ca8beb18}</UniqueIdentifier>
    </Filter>
    <Filter Include="Header Files\VIEW">
      <UniqueIdentifier>{fab247bf-b648-4a0b-9d9a-ca5f59564deb}</UniqueIdentifier>
    </Filter>
    <Filter Include="Header Files\CONTROLLER">
      <UniqueIdentifier>{3049f1ee-3e8a-41e1-b02a-2ad6e56535a9}</UniqueIdentifier>
    </Filter>
    <Filter Include="Header Files\MODEL\DOMAIN_MODEL">
      <UniqueIdentifier>{83c465fb-d63c-491a-ba1a-645a33da06b2}</UniqueIdentifier>
    </Filter>
    <Filter Include="Header Files\A_OBSERVER">
      <UniqueIdentifier>{7854a5f2-3ed4-4c86-a96c-d18ebf85c9c7}</UniqueIdentifier>
    </Filter>
    <Filter Include="Source Files\A_OBSERVER">
      <UniqueIdentifier>{017a7935-23ed-4144-83ea-937cf01098e6}</UniqueIdentifier>
    </Filter>
    <Filter Include="Header Files\VIEW\INTERFACE_ELEMENTS">
      <UniqueIdentifier>{3e6df603-6631-409c-a649-c5b480a4d39c}</UniqueIdentifier>
    </Filter>
    <Filter Include="Header Files\VIEW\INTERFACE_ELEMENTS\BUTTONS">
      <UniqueIdentifier>{2e184c8f-6ef6-4d59-8830-4db4b7771dcd}</UniqueIdentifier>
    </Filter>
    <Filter Include="Header Files\VIEW\INTERFACE_ELEMENTS\FORMS">
      <UniqueIdentifier>{f63bbfd4-1d9b-4cfd-9676-3c1c79eee142}</UniqueIdentifier>
    </Filter>
    <Filter Include="Source Files\VIEW\INTERFACE_ELEMENTS">
      <UniqueIdentifier>{a99240df-a2e6-4b28-8551-ea448d896dd8}</UniqueIdentifier>
    </Filter>
    <Filter Include="Source Files\VIEW\INTERFACE_ELEMENTS\BUTTONS">
      <UniqueIdentifier>{6136cf22-f055-4ed0-89a1-74ce26eb21e3}</UniqueIdentifier>
    </Filter>
    <Filter Include="Source Files\VIEW\INTERFACE_ELEMENTS\FORMS">
      <UniqueIdentifier>{cebf2bf8-045e-4e1b-9b7b-bc702b7e84a9}</UniqueIdentifier>
    </Filter>
    <Filter Include="Source Files\MODEL\DOMAIN_MODEL">
      <UniqueIdentifier>{827bcbf1-1bcc-4d35-aef7-4883aade2f5b}</UniqueIdentifier>
    </Filter>
    <Filter Include="Header Files\MODEL\MODEL_SHAPES">
      <UniqueIdentifier>{7f52e86a-c93e-4109-b320-32f696b29344}</UniqueIdentifier>
    </Filter>
    <Filter Include="Header Files\VIEW\VIEW_SHAPES">
      <UniqueIdentifier>{c84afd4c-ffc4-4e4c-b2b2-6b684d85a0a0}</UniqueIdentifier>
    </Filter>
    <Filter Include="Source Files\VIEW\VIEW_SHAPES">
      <UniqueIdentifier>{7fb1569d-7e93-426f-bd08-c8f7a3d71d11}</UniqueIdentifier>
    </Filter>
    <Filter Include="Source Files\MODEL\MODEL_SHAPES">
      <UniqueIdentifier>{ce0fde62-56b6-4768-b81b-ec4fd81c871e}</UniqueIdentifier>
    </Filter>
  </ItemGroup>
  <ItemGroup>
    <ClCompile Include="main.cpp">
      <Filter>Source Files</Filter>
    </ClCompile>
    <ClCompile Include="observable.cpp">
      <Filter>Source Files\A_OBSERVER</Filter>
    </ClCompile>
    <ClCompile Include="interface_element.cpp">
      <Filter>Source Files\VIEW\INTERFACE_ELEMENTS</Filter>
    </ClCompile>
    <ClCompile Include="application_button.cpp">
      <Filter>Source Files\VIEW\INTERFACE_ELEMENTS\BUTTONS</Filter>
    </ClCompile>
    <ClCompile Include="application_form.cpp">
      <Filter>Source Files\VIEW\INTERFACE_ELEMENTS\FORMS</Filter>
    </ClCompile>
    <ClCompile Include="view.cpp">
      <Filter>Source Files\VIEW</Filter>
    </ClCompile>
    <ClCompile Include="domain_model.cpp">
      <Filter>Source Files\MODEL\DOMAIN_MODEL</Filter>
    </ClCompile>
    <ClCompile Include="a_figures.cpp">
      <Filter>Source Files\VIEW\VIEW_SHAPES</Filter>
    </ClCompile>
    <ClCompile Include="circle.cpp">
      <Filter>Source Files\VIEW\VIEW_SHAPES</Filter>
    </ClCompile>
    <ClCompile Include="rectangle.cpp">
      <Filter>Source Files\VIEW\VIEW_SHAPES</Filter>
    </ClCompile>
    <ClCompile Include="triangle.cpp">
      <Filter>Source Files\VIEW\VIEW_SHAPES</Filter>
    </ClCompile>
    <ClCompile Include="figure_logic.cpp">
      <Filter>Source Files\MODEL\MODEL_SHAPES</Filter>
    </ClCompile>
    <ClCompile Include="model.cpp">
      <Filter>Source Files\MODEL</Filter>
    </ClCompile>
    <ClCompile Include="controllers.cpp">
      <Filter>Source Files\CONTROLLER</Filter>
    </ClCompile>
    <ClCompile Include="figure_observable.cpp">
      <Filter>Source Files\A_OBSERVER</Filter>
    </ClCompile>
    <ClCompile Include="view_create.cpp">
      <Filter>Source Files\VIEW</Filter>
    </ClCompile>
    <ClCompile Include="abstract_view.cpp">
      <Filter>Source Files\VIEW</Filter>
    </ClCompile>
    <ClCompile Include="frame.cpp">
      <Filter>Source Files\VIEW\VIEW_SHAPES</Filter>
    </ClCompile>
  </ItemGroup>
  <ItemGroup>
    <ClInclude Include="resources.h">
      <Filter>Header Files</Filter>
    </ClInclude>
    <ClInclude Include="observable.h">
      <Filter>Header Files\A_OBSERVER</Filter>
    </ClInclude>
    <ClInclude Include="observer.h">
      <Filter>Header Files\A_OBSERVER</Filter>
    </ClInclude>
    <ClInclude Include="application_forms.h">
      <Filter>Header Files\VIEW\INTERFACE_ELEMENTS\FORMS</Filter>
    </ClInclude>
    <ClInclude Include="application_buttons.h">
      <Filter>Header Files\VIEW\INTERFACE_ELEMENTS\BUTTONS</Filter>
    </ClInclude>
    <ClInclude Include="interface_elements.h">
      <Filter>Header Files\VIEW\INTERFACE_ELEMENTS</Filter>
    </ClInclude>
    <ClInclude Include="view.h">
      <Filter>Header Files\VIEW</Filter>
    </ClInclude>
    <ClInclude Include="domain_model.h">
      <Filter>Header Files\MODEL\DOMAIN_MODEL</Filter>
    </ClInclude>
    <ClInclude Include="figures_logic.h">
      <Filter>Header Files\MODEL\MODEL_SHAPES</Filter>
    </ClInclude>
    <ClInclude Include="circle.h">
      <Filter>Header Files\VIEW\VIEW_SHAPES</Filter>
    </ClInclude>
    <ClInclude Include="rectangle.h">
      <Filter>Header Files\VIEW\VIEW_SHAPES</Filter>
    </ClInclude>
    <ClInclude Include="triangle.h">
      <Filter>Header Files\VIEW\VIEW_SHAPES</Filter>
    </ClInclude>
    <ClInclude Include="figures_graphic.h">
      <Filter>Header Files\VIEW\VIEW_SHAPES</Filter>
    </ClInclude>
    <ClInclude Include="model.h">
      <Filter>Header Files\MODEL</Filter>
    </ClInclude>
    <ClInclude Include="controllers.h">
      <Filter>Header Files\CONTROLLER</Filter>
    </ClInclude>
    <ClInclude Include="figure_observer.h">
      <Filter>Header Files\A_OBSERVER</Filter>
    </ClInclude>
    <ClInclude Include="figure_observable.h">
      <Filter>Header Files\A_OBSERVER</Filter>
    </ClInclude>
    <ClInclude Include="abstract_view.h">
      <Filter>Header Files\VIEW</Filter>
    </ClInclude>
    <ClInclude Include="frame.h">
      <Filter>Header Files\VIEW\VIEW_SHAPES</Filter>
    </ClInclude>
  </ItemGroup>
</Project>