
Microsoft Visual Studio Solution File, Format Version 12.00
# Visual Studio 14
VisualStudioVersion = 14.0.23107.0
MinimumVisualStudioVersion = 10.0.40219.1
Project("{8BC9CEB8-8B4A-11D0-8D11-00A0C91BC942}") = "dictionary", "dictionary\dictionary.vcxproj", "{3DD3DE6A-9B98-47F5-9286-D7B123CD3913}"
EndProject
Project("{8BC9CEB8-8B4A-11D0-8D11-00A0C91BC942}") = "dictionaryTests", "dictionaryTests\dictionaryTests.vcxproj", "{CF293987-E23B-44EA-A423-E518AF2FD2C1}"
EndProject
Global
	GlobalSection(SolutionConfigurationPlatforms) = preSolution
		Debug|x64 = Debug|x64
		Debug|x86 = Debug|x86
		Release|x64 = Release|x64
		Release|x86 = Release|x86
	EndGlobalSection
	GlobalSection(ProjectConfigurationPlatforms) = postSolution
		{3DD3DE6A-9B98-47F5-9286-D7B123CD3913}.Debug|x64.ActiveCfg = Debug|x64
		{3DD3DE6A-9B98-47F5-9286-D7B123CD3913}.Debug|x64.Build.0 = Debug|x64
		{3DD3DE6A-9B98-47F5-9286-D7B123CD3913}.Debug|x86.ActiveCfg = Debug|Win32
		{3DD3DE6A-9B98-47F5-9286-D7B123CD3913}.Debug|x86.Build.0 = Debug|Win32
		{3DD3DE6A-9B98-47F5-9286-D7B123CD3913}.Release|x64.ActiveCfg = Release|x64
		{3DD3DE6A-9B98-47F5-9286-D7B123CD3913}.Release|x64.Build.0 = Release|x64
		{3DD3DE6A-9B98-47F5-9286-D7B123CD3913}.Release|x86.ActiveCfg = Release|Win32
		{3DD3DE6A-9B98-47F5-9286-D7B123CD3913}.Release|x86.Build.0 = Release|Win32
		{CF293987-E23B-44EA-A423-E518AF2FD2C1}.Debug|x64.ActiveCfg = Debug|x64
		{CF293987-E23B-44EA-A423-E518AF2FD2C1}.Debug|x64.Build.0 = Debug|x64
		{CF293987-E23B-44EA-A423-E518AF2FD2C1}.Debug|x86.ActiveCfg = Debug|Win32
		{CF293987-E23B-44EA-A423-E518AF2FD2C1}.Debug|x86.Build.0 = Debug|Win32
		{CF293987-E23B-44EA-A423-E518AF2FD2C1}.Release|x64.ActiveCfg = Release|x64
		{CF293987-E23B-44EA-A423-E518AF2FD2C1}.Release|x64.Build.0 = Release|x64
		{CF293987-E23B-44EA-A423-E518AF2FD2C1}.Release|x86.ActiveCfg = Release|Win32
		{CF293987-E23B-44EA-A423-E518AF2FD2C1}.Release|x86.Build.0 = Release|Win32
	EndGlobalSection
	GlobalSection(SolutionProperties) = preSolution
		HideSolutionNode = FALSE
	EndGlobalSection
EndGlobal
